
Microsoft Visual Studio Solution File, Format Version 12.00
# Visual Studio Version 17
VisualStudioVersion = 17.9.34701.34
MinimumVisualStudioVersion = 10.0.40219.1
Project("{FAE04EC0-301F-11D3-BF4B-00C04F79EFBC}") = "BlankCSFramework", "BlankCSFramework\BlankCSFramework.csproj", "{2BD17421-2BF2-4ED8-9A2F-404B3B3C61FB}"
EndProject
Global
	GlobalSection(SolutionConfigurationPlatforms) = preSolution
		Debug|Any CPU = Debug|Any CPU
		Release|Any CPU = Release|Any CPU
	EndGlobalSection
	GlobalSection(ProjectConfigurationPlatforms) = postSolution
		{2BD17421-2BF2-4ED8-9A2F-404B3B3C61FB}.Debug|Any CPU.ActiveCfg = Debug|Any CPU
		{2BD17421-2BF2-4ED8-9A2F-404B3B3C61FB}.Debug|Any CPU.Build.0 = Debug|Any CPU
		{2BD17421-2BF2-4ED8-9A2F-404B3B3C61FB}.Release|Any CPU.ActiveCfg = Release|Any CPU
		{2BD17421-2BF2-4ED8-9A2F-404B3B3C61FB}.Release|Any CPU.Build.0 = Release|Any CPU
	EndGlobalSection
	GlobalSection(SolutionProperties) = preSolution
		HideSolutionNode = FALSE
	EndGlobalSection
	GlobalSection(ExtensibilityGlobals) = postSolution
		SolutionGuid = {A9943537-04B6-453F-A730-9ACD45553B68}
	EndGlobalSection
EndGlobal
